
Microsoft Visual Studio Solution File, Format Version 12.00
# Visual Studio Version 16
VisualStudioVersion = 16.0.31702.278
MinimumVisualStudioVersion = 10.0.40219.1
Project("{FAE04EC0-301F-11D3-BF4B-00C04F79EFBC}") = "BaseFramework.UnitOfWork.Pattern", "BaseFramework.UnitOfWork.Pattern\BaseFramework.UnitOfWork.Pattern.csproj", "{8EF6C039-D55C-4FC5-8E31-D6D29F2A892C}"
EndProject
Global
	GlobalSection(SolutionConfigurationPlatforms) = preSolution
		Debug|Any CPU = Debug|Any CPU
		Release|Any CPU = Release|Any CPU
	EndGlobalSection
	GlobalSection(ProjectConfigurationPlatforms) = postSolution
		{8EF6C039-D55C-4FC5-8E31-D6D29F2A892C}.Debug|Any CPU.ActiveCfg = Debug|Any CPU
		{8EF6C039-D55C-4FC5-8E31-D6D29F2A892C}.Debug|Any CPU.Build.0 = Debug|Any CPU
		{8EF6C039-D55C-4FC5-8E31-D6D29F2A892C}.Release|Any CPU.ActiveCfg = Release|Any CPU
		{8EF6C039-D55C-4FC5-8E31-D6D29F2A892C}.Release|Any CPU.Build.0 = Release|Any CPU
	EndGlobalSection
	GlobalSection(SolutionProperties) = preSolution
		HideSolutionNode = FALSE
	EndGlobalSection
	GlobalSection(ExtensibilityGlobals) = postSolution
		SolutionGuid = {0CAA5148-BA72-4AE6-BDCA-46BBC0DB07BD}
	EndGlobalSection
EndGlobal
